
Microsoft Visual Studio Solution File, Format Version 12.00
# Visual Studio Version 17
VisualStudioVersion = 17.1.32421.90
MinimumVisualStudioVersion = 10.0.40219.1
Project("{FAE04EC0-301F-11D3-BF4B-00C04F79EFBC}") = "App", "App\App.csproj", "{3DF452C1-C4B8-43FF-824D-A189F293A0D7}"
EndProject
Project("{FAE04EC0-301F-11D3-BF4B-00C04F79EFBC}") = "Objetos", "Objetos\Objetos.csproj", "{0672DF76-4C81-4BFE-A396-ADCA3B579D18}"
EndProject
Global
	GlobalSection(SolutionConfigurationPlatforms) = preSolution
		Debug|Any CPU = Debug|Any CPU
		Release|Any CPU = Release|Any CPU
	EndGlobalSection
	GlobalSection(ProjectConfigurationPlatforms) = postSolution
		{3DF452C1-C4B8-43FF-824D-A189F293A0D7}.Debug|Any CPU.ActiveCfg = Debug|Any CPU
		{3DF452C1-C4B8-43FF-824D-A189F293A0D7}.Debug|Any CPU.Build.0 = Debug|Any CPU
		{3DF452C1-C4B8-43FF-824D-A189F293A0D7}.Release|Any CPU.ActiveCfg = Release|Any CPU
		{3DF452C1-C4B8-43FF-824D-A189F293A0D7}.Release|Any CPU.Build.0 = Release|Any CPU
		{0672DF76-4C81-4BFE-A396-ADCA3B579D18}.Debug|Any CPU.ActiveCfg = Debug|Any CPU
		{0672DF76-4C81-4BFE-A396-ADCA3B579D18}.Debug|Any CPU.Build.0 = Debug|Any CPU
		{0672DF76-4C81-4BFE-A396-ADCA3B579D18}.Release|Any CPU.ActiveCfg = Release|Any CPU
		{0672DF76-4C81-4BFE-A396-ADCA3B579D18}.Release|Any CPU.Build.0 = Release|Any CPU
	EndGlobalSection
	GlobalSection(SolutionProperties) = preSolution
		HideSolutionNode = FALSE
	EndGlobalSection
	GlobalSection(ExtensibilityGlobals) = postSolution
		SolutionGuid = {6B35F664-18C0-46FD-B9E5-CBD960060CFF}
	EndGlobalSection
EndGlobal
